{
    "_meta": {
        "hash": {
            "sha256": "1d928e659288ff2b2b4124d1b2815be7d104e9c41b85748d940073dd81d933d5"
        },
        "pipfile-spec": 6,
        "requires": {
            "python_version": "3.7"
        },
        "sources": [
            {
                "name": "pypi",
                "url": "https://pypi.org/simple",
                "verify_ssl": true
            }
        ]
    },
    "default": {
        "pyparsing": {
            "hashes": [
                "sha256:66c9268862641abcac4a96ba74506e594c884e3f57690a696d21ad8210ed667a",
                "sha256:f6c5ef0d7480ad048c054c37632c67fca55299990fff127850181659eea33fc3"
            ],
            "index": "pypi",
            "version": "==2.3.1"
        }
    },
    "develop": {}
}
